<Solution>
  <Folder Name="/src/">
    <Project Path="src/StevanFreeborn.Extensions.Configuration.Secure/StevanFreeborn.Extensions.Configuration.Secure.csproj" />
  </Folder>
  <Folder Name="/tests/">
    <Project Path="tests/StevanFreeborn.Extensions.Configuration.Secure.Tests/StevanFreeborn.Extensions.Configuration.Secure.Tests.csproj" />
  </Folder>
</Solution>
